
Microsoft Visual Studio Solution File, Format Version 12.00
# Visual Studio 15
VisualStudioVersion = 15.0.28307.438
MinimumVisualStudioVersion = 10.0.40219.1
Project("{FAE04EC0-301F-11D3-BF4B-00C04F79EFBC}") = "Strawpoll_Projet", "Strawpoll_Projet\Strawpoll_Projet.csproj", "{A22AD783-0493-462C-A485-81962E468022}"
EndProject
Global
	GlobalSection(SolutionConfigurationPlatforms) = preSolution
		Debug|Any CPU = Debug|Any CPU
		Release|Any CPU = Release|Any CPU
	EndGlobalSection
	GlobalSection(ProjectConfigurationPlatforms) = postSolution
		{A22AD783-0493-462C-A485-81962E468022}.Debug|Any CPU.ActiveCfg = Debug|Any CPU
		{A22AD783-0493-462C-A485-81962E468022}.Debug|Any CPU.Build.0 = Debug|Any CPU
		{A22AD783-0493-462C-A485-81962E468022}.Release|Any CPU.ActiveCfg = Release|Any CPU
		{A22AD783-0493-462C-A485-81962E468022}.Release|Any CPU.Build.0 = Release|Any CPU
	EndGlobalSection
	GlobalSection(SolutionProperties) = preSolution
		HideSolutionNode = FALSE
	EndGlobalSection
	GlobalSection(ExtensibilityGlobals) = postSolution
		SolutionGuid = {B0DA139B-A7D2-4842-BEB0-3443654FFCAA}
	EndGlobalSection
EndGlobal
